// !$*UTF8*$!
{
	archiveVersion = 1;
	classes = {
	};
	objectVersion = 50;
	objects = {

/* Begin PBXBuildFile section */
		5EFEF836241DF48500DD6EFF /* AppDelegate.swift in Sources */ = {isa = PBXBuildFile; fileRef = 5EFEF835241DF48500DD6EFF /* AppDelegate.swift */; };
		5EFEF838241DF48500DD6EFF /* SceneDelegate.swift in Sources */ = {isa = PBXBuildFile; fileRef = 5EFEF837241DF48500DD6EFF /* SceneDelegate.swift */; };
		5EFEF83A241DF48500DD6EFF /* ViewController.swift in Sources */ = {isa = PBXBuildFile; fileRef = 5EFEF839241DF48500DD6EFF /* ViewController.swift */; };
		5EFEF83D241DF48500DD6EFF /* Main.storyboard in Resources */ = {isa = PBXBuildFile; fileRef = 5EFEF83B241DF48500DD6EFF /* Main.storyboard */; };
		5EFEF83F241DF48700DD6EFF /* Assets.xcassets in Resources */ = {isa = PBXBuildFile; fileRef = 5EFEF83E241DF48700DD6EFF /* Assets.xcassets */; };
		5EFEF842241DF48700DD6EFF /* LaunchScreen.storyboard in Resources */ = {isa = PBXBuildFile; fileRef = 5EFEF840241DF48700DD6EFF /* LaunchScreen.storyboard */; };
		5EFEF84C241DFB9D00DD6EFF /* TestTableViewCell.swift in Sources */ = {isa = PBXBuildFile; fileRef = 5EFEF84A241DFB9D00DD6EFF /* TestTableViewCell.swift */; };
		5EFEF84D241DFB9D00DD6EFF /* TestTableViewCell.xib in Resources */ = {isa = PBXBuildFile; fileRef = 5EFEF84B241DFB9D00DD6EFF /* TestTableViewCell.xib */; };
/* End PBXBuildFile section */

/* Begin PBXFileReference section */
		5EFEF832241DF48500DD6EFF /* StackViewDemo.app */ = {isa = PBXFileReference; explicitFileType = wrapper.application; includeInIndex = 0; path = StackViewDemo.app; sourceTree = BUILT_PRODUCTS_DIR; };
		5EFEF835241DF48500DD6EFF /* AppDelegate.swift */ = {isa = PBXFileReference; lastKnownFileType = sourcecode.swift; path = AppDelegate.swift; sourceTree = "<group>"; };
		5EFEF837241DF48500DD6EFF /* SceneDelegate.swift */ = {isa = PBXFileReference; lastKnownFileType = sourcecode.swift; path = SceneDelegate.swift; sourceTree = "<group>"; };
		5EFEF839241DF48500DD6EFF /* ViewController.swift */ = {isa = PBXFileReference; lastKnownFileType = sourcecode.swift; path = ViewController.swift; sourceTree = "<group>"; };
		5EFEF83C241DF48500DD6EFF /* Base */ = {isa = PBXFileReference; lastKnownFileType = file.storyboard; name = Base; path = Base.lproj/Main.storyboard; sourceTree = "<group>"; };
		5EFEF83E241DF48700DD6EFF /* Assets.xcassets */ = {isa = PBXFileReference; lastKnownFileType = folder.assetcatalog; path = Assets.xcassets; sourceTree = "<group>"; };
		5EFEF841241DF48700DD6EFF /* Base */ = {isa = PBXFileReference; lastKnownFileType = file.storyboard; name = Base; path = Base.lproj/LaunchScreen.storyboard; sourceTree = "<group>"; };
		5EFEF843241DF48700DD6EFF /* Info.plist */ = {isa = PBXFileReference; lastKnownFileType = text.plist.xml; path = Info.plist; sourceTree = "<group>"; };
		5EFEF84A241DFB9D00DD6EFF /* TestTableViewCell.swift */ = {isa = PBXFileReference; lastKnownFileType = sourcecode.swift; path = TestTableViewCell.swift; sourceTree = "<group>"; };
		5EFEF84B241DFB9D00DD6EFF /* TestTableViewCell.xib */ = {isa = PBXFileReference; lastKnownFileType = file.xib; path = TestTableViewCell.xib; sourceTree = "<group>"; };
/* End PBXFileReference section */

/* Begin PBXFrameworksBuildPhase section */
		5EFEF82F241DF48500DD6EFF /* Frameworks */ = {
			isa = PBXFrameworksBuildPhase;
			buildActionMask = 2147483647;
			files = (
			);
			runOnlyForDeploymentPostprocessing = 0;
		};
/* End PBXFrameworksBuildPhase section */

/* Begin PBXGroup section */
		5EFEF829241DF48500DD6EFF = {
			isa = PBXGroup;
			children = (
				5EFEF834241DF48500DD6EFF /* StackViewDemo */,
				5EFEF833241DF48500DD6EFF /* Products */,
			);
			sourceTree = "<group>";
		};
		5EFEF833241DF48500DD6EFF /* Products */ = {
			isa = PBXGroup;
			children = (
				5EFEF832241DF48500DD6EFF /* StackViewDemo.app */,
			);
			name = Products;
			sourceTree = "<group>";
		};
		5EFEF834241DF48500DD6EFF /* StackViewDemo */ = {
			isa = PBXGroup;
			children = (
				5EFEF849241DFB8400DD6EFF /* cell */,
				5EFEF835241DF48500DD6EFF /* AppDelegate.swift */,
				5EFEF837241DF48500DD6EFF /* SceneDelegate.swift */,
				5EFEF839241DF48500DD6EFF /* ViewController.swift */,
				5EFEF83B241DF48500DD6EFF /* Main.storyboard */,
				5EFEF83E241DF48700DD6EFF /* Assets.xcassets */,
				5EFEF840241DF48700DD6EFF /* LaunchScreen.storyboard */,
				5EFEF843241DF48700DD6EFF /* Info.plist */,
			);
			path = StackViewDemo;
			sourceTree = "<group>";
		};
		5EFEF849241DFB8400DD6EFF /* cell */ = {
			isa = PBXGroup;
			children = (
				5EFEF84A241DFB9D00DD6EFF /* TestTableViewCell.swift */,
				5EFEF84B241DFB9D00DD6EFF /* TestTableViewCell.xib */,
			);
			path = cell;
			sourceTree = "<group>";
		};
/* End PBXGroup section */

/* Begin PBXNativeTarget section */
		5EFEF831241DF48500DD6EFF /* StackViewDemo */ = {
			isa = PBXNativeTarget;
			buildConfigurationList = 5EFEF846241DF48700DD6EFF /* Build configuration list for PBXNativeTarget "StackViewDemo" */;
			buildPhases = (
				5EFEF82E241DF48500DD6EFF /* Sources */,
				5EFEF82F241DF48500DD6EFF /* Frameworks */,
				5EFEF830241DF48500DD6EFF /* Resources */,
			);
			buildRules = (
			);
			dependencies = (
			);
			name = StackViewDemo;
			productName = StackViewDemo;
			productReference = 5EFEF832241DF48500DD6EFF /* StackViewDemo.app */;
			productType = "com.apple.product-type.application";
		};
/* End PBXNativeTarget section */

/* Begin PBXProject section */
		5EFEF82A241DF48500DD6EFF /* Project object */ = {
			isa = PBXProject;
			attributes = {
				LastSwiftUpdateCheck = 1130;
				LastUpgradeCheck = 1130;
				ORGANIZATIONNAME = DhakaLive;
				TargetAttributes = {
					5EFEF831241DF48500DD6EFF = {
						CreatedOnToolsVersion = 11.3.1;
					};
				};
			};
			buildConfigurationList = 5EFEF82D241DF48500DD6EFF /* Build configuration list for PBXProject "StackViewDemo" */;
			compatibilityVersion = "Xcode 9.3";
			developmentRegion = en;
			hasScannedForEncodings = 0;
			knownRegions = (
				en,
				Base,
			);
			mainGroup = 5EFEF829241DF48500DD6EFF;
			productRefGroup = 5EFEF833241DF48500DD6EFF /* Products */;
			projectDirPath = "";
			projectRoot = "";
			targets = (
				5EFEF831241DF48500DD6EFF /* StackViewDemo */,
			);
		};
/* End PBXProject section */

/* Begin PBXResourcesBuildPhase section */
		5EFEF830241DF48500DD6EFF /* Resources */ = {
			isa = PBXResourcesBuildPhase;
			buildActionMask = 2147483647;
			files = (
				5EFEF842241DF48700DD6EFF /* LaunchScreen.storyboard in Resources */,
				5EFEF84D241DFB9D00DD6EFF /* TestTableViewCell.xib in Resources */,
				5EFEF83F241DF48700DD6EFF /* Assets.xcassets in Resources */,
				5EFEF83D241DF48500DD6EFF /* Main.storyboard in Resources */,
			);
			runOnlyForDeploymentPostprocessing = 0;
		};
/* End PBXResourcesBuildPhase section */

/* Begin PBXSourcesBuildPhase section */
		5EFEF82E241DF48500DD6EFF /* Sources */ = {
			isa = PBXSourcesBuildPhase;
			buildActionMask = 2147483647;
			files = (
				5EFEF83A241DF48500DD6EFF /* ViewController.swift in Sources */,
				5EFEF84C241DFB9D00DD6EFF /* TestTableViewCell.swift in Sources */,
				5EFEF836241DF48500DD6EFF /* AppDelegate.swift in Sources */,
				5EFEF838241DF48500DD6EFF /* SceneDelegate.swift in Sources */,
			);
			runOnlyForDeploymentPostprocessing = 0;
		};
/* End PBXSourcesBuildPhase section */

/* Begin PBXVariantGroup section */
		5EFEF83B241DF48500DD6EFF /* Main.storyboard */ = {
			isa = PBXVariantGroup;
			children = (
				5EFEF83C241DF48500DD6EFF /* Base */,
			);
			name = Main.storyboard;
			sourceTree = "<group>";
		};
		5EFEF840241DF48700DD6EFF /* LaunchScreen.storyboard */ = {
			isa = PBXVariantGroup;
			children = (
				5EFEF841241DF48700DD6EFF /* Base */,
			);
			name = LaunchScreen.storyboard;
			sourceTree = "<group>";
		};
/* End PBXVariantGroup section */

/* Begin XCBuildConfiguration section */
		5EFEF844241DF48700DD6EFF /* Debug */ = {
			isa = XCBuildConfiguration;
			buildSettings = {
				ALWAYS_SEARCH_USER_PATHS = NO;
				CLANG_ANALYZER_NONNULL = YES;
				CLANG_ANALYZER_NUMBER_OBJECT_CONVERSION = YES_AGGRESSIVE;
				CLANG_CXX_LANGUAGE_STANDARD = "gnu++14";
				CLANG_CXX_LIBRARY = "libc++";
				CLANG_ENABLE_MODULES = YES;
				CLANG_ENABLE_OBJC_ARC = YES;
				CLANG_ENABLE_OBJC_WEAK = YES;
				CLANG_WARN_BLOCK_CAPTURE_AUTORELEASING = YES;
				CLANG_WARN_BOOL_CONVERSION = YES;
				CLANG_WARN_COMMA = YES;
				CLANG_WARN_CONSTANT_CONVERSION = YES;
				CLANG_WARN_DEPRECATED_OBJC_IMPLEMENTATIONS = YES;
				CLANG_WARN_DIRECT_OBJC_ISA_USAGE = YES_ERROR;
				CLANG_WARN_DOCUMENTATION_COMMENTS = YES;
				CLANG_WARN_EMPTY_BODY = YES;
				CLANG_WARN_ENUM_CONVERSION = YES;
				CLANG_WARN_INFINITE_RECURSION = YES;
				CLANG_WARN_INT_CONVERSION = YES;
				CLANG_WARN_NON_LITERAL_NULL_CONVERSION = YES;
				CLANG_WARN_OBJC_IMPLICIT_RETAIN_SELF = YES;
				CLANG_WARN_OBJC_LITERAL_CONVERSION = YES;
				CLANG_WARN_OBJC_ROOT_CLASS = YES_ERROR;
				CLANG_WARN_RANGE_LOOP_ANALYSIS = YES;
				CLANG_WARN_STRICT_PROTOTYPES = YES;
				CLANG_WARN_SUSPICIOUS_MOVE = YES;
				CLANG_WARN_UNGUARDED_AVAILABILITY = YES_AGGRESSIVE;
				CLANG_WARN_UNREACHABLE_CODE = YES;
				CLANG_WARN__DUPLICATE_METHOD_MATCH = YES;
				COPY_PHASE_STRIP = NO;
				DEBUG_INFORMATION_FORMAT = dwarf;
				ENABLE_STRICT_OBJC_MSGSEND = YES;
				ENABLE_TESTABILITY = YES;
				GCC_C_LANGUAGE_STANDARD = gnu11;
				GCC_DYNAMIC_NO_PIC = NO;
				GCC_NO_COMMON_BLOCKS = YES;
				GCC_OPTIMIZATION_LEVEL = 0;
				GCC_PREPROCESSOR_DEFINITIONS = (
					"DEBUG=1",
					"$(inherited)",
				);
				GCC_WARN_64_TO_32_BIT_CONVERSION = YES;
				GCC_WARN_ABOUT_RETURN_TYPE = YES_ERROR;
				GCC_WARN_UNDECLARED_SELECTOR = YES;
				GCC_WARN_UNINITIALIZED_AUTOS = YES_AGGRESSIVE;
				GCC_WARN_UNUSED_FUNCTION = YES;
				GCC_WARN_UNUSED_VARIABLE = YES;
				IPHONEOS_DEPLOYMENT_TARGET = 13.2;
				MTL_ENABLE_DEBUG_INFO = INCLUDE_SOURCE;
				MTL_FAST_MATH = YES;
				ONLY_ACTIVE_ARCH = YES;
				SDKROOT = iphoneos;
				SWIFT_ACTIVE_COMPILATION_CONDITIONS = DEBUG;
				SWIFT_OPTIMIZATION_LEVEL = "-Onone";
			};
			name = Debug;
		};
		5EFEF845241DF48700DD6EFF /* Release */ = {
			isa = XCBuildConfiguration;
			buildSettings = {
				ALWAYS_SEARCH_USER_PATHS = NO;
				CLANG_ANALYZER_NONNULL = YES;
				CLANG_ANALYZER_NUMBER_OBJECT_CONVERSION = YES_AGGRESSIVE;
				CLANG_CXX_LANGUAGE_STANDARD = "gnu++14";
				CLANG_CXX_LIBRARY = "libc++";
				CLANG_ENABLE_MODULES = YES;
				CLANG_ENABLE_OBJC_ARC = YES;
				CLANG_ENABLE_OBJC_WEAK = YES;
				CLANG_WARN_BLOCK_CAPTURE_AUTORELEASING = YES;
				CLANG_WARN_BOOL_CONVERSION = YES;
				CLANG_WARN_COMMA = YES;
				CLANG_WARN_CONSTANT_CONVERSION = YES;
				CLANG_WARN_DEPRECATED_OBJC_IMPLEMENTATIONS = YES;
				CLANG_WARN_DIRECT_OBJC_ISA_USAGE = YES_ERROR;
				CLANG_WARN_DOCUMENTATION_COMMENTS = YES;
				CLANG_WARN_EMPTY_BODY = YES;
				CLANG_WARN_ENUM_CONVERSION = YES;
				CLANG_WARN_INFINITE_RECURSION = YES;
				CLANG_WARN_INT_CONVERSION = YES;
				CLANG_WARN_NON_LITERAL_NULL_CONVERSION = YES;
				CLANG_WARN_OBJC_IMPLICIT_RETAIN_SELF = YES;
				CLANG_WARN_OBJC_LITERAL_CONVERSION = YES;
				CLANG_WARN_OBJC_ROOT_CLASS = YES_ERROR;
				CLANG_WARN_RANGE_LOOP_ANALYSIS = YES;
				CLANG_WARN_STRICT_PROTOTYPES = YES;
				CLANG_WARN_SUSPICIOUS_MOVE = YES;
				CLANG_WARN_UNGUARDED_AVAILABILITY = YES_AGGRESSIVE;
				CLANG_WARN_UNREACHABLE_CODE = YES;
				CLANG_WARN__DUPLICATE_METHOD_MATCH = YES;
				COPY_PHASE_STRIP = NO;
				DEBUG_INFORMATION_FORMAT = "dwarf-with-dsym";
				ENABLE_NS_ASSERTIONS = NO;
				ENABLE_STRICT_OBJC_MSGSEND = YES;
				GCC_C_LANGUAGE_STANDARD = gnu11;
				GCC_NO_COMMON_BLOCKS = YES;
				GCC_WARN_64_TO_32_BIT_CONVERSION = YES;
				GCC_WARN_ABOUT_RETURN_TYPE = YES_ERROR;
				GCC_WARN_UNDECLARED_SELECTOR = YES;
				GCC_WARN_UNINITIALIZED_AUTOS = YES_AGGRESSIVE;
				GCC_WARN_UNUSED_FUNCTION = YES;
				GCC_WARN_UNUSED_VARIABLE = YES;
				IPHONEOS_DEPLOYMENT_TARGET = 13.2;
				MTL_ENABLE_DEBUG_INFO = NO;
				MTL_FAST_MATH = YES;
				SDKROOT = iphoneos;
				SWIFT_COMPILATION_MODE = wholemodule;
				SWIFT_OPTIMIZATION_LEVEL = "-O";
				VALIDATE_PRODUCT = YES;
			};
			name = Release;
		};
		5EFEF847241DF48700DD6EFF /* Debug */ = {
			isa = XCBuildConfiguration;
			buildSettings = {
				ASSETCATALOG_COMPILER_APPICON_NAME = AppIcon;
				CODE_SIGN_STYLE = Automatic;
				DEVELOPMENT_TEAM = 56T3R9L9RT;
				INFOPLIST_FILE = StackViewDemo/Info.plist;
				LD_RUNPATH_SEARCH_PATHS = (
					"$(inherited)",
					"@executable_path/Frameworks",
				);
				PRODUCT_BUNDLE_IDENTIFIER = sumonta.StackViewDemo;
				PRODUCT_NAME = "$(TARGET_NAME)";
				SWIFT_VERSION = 5.0;
				TARGETED_DEVICE_FAMILY = "1,2";
			};
			name = Debug;
		};
		5EFEF848241DF48700DD6EFF /* Release */ = {
			isa = XCBuildConfiguration;
			buildSettings = {
				ASSETCATALOG_COMPILER_APPICON_NAME = AppIcon;
				CODE_SIGN_STYLE = Automatic;
				DEVELOPMENT_TEAM = 56T3R9L9RT;
				INFOPLIST_FILE = StackViewDemo/Info.plist;
				LD_RUNPATH_SEARCH_PATHS = (
					"$(inherited)",
					"@executable_path/Frameworks",
				);
				PRODUCT_BUNDLE_IDENTIFIER = sumonta.StackViewDemo;
				PRODUCT_NAME = "$(TARGET_NAME)";
				SWIFT_VERSION = 5.0;
				TARGETED_DEVICE_FAMILY = "1,2";
			};
			name = Release;
		};
/* End XCBuildConfiguration section */

/* Begin XCConfigurationList section */
		5EFEF82D241DF48500DD6EFF /* Build configuration list for PBXProject "StackViewDemo" */ = {
			isa = XCConfigurationList;
			buildConfigurations = (
				5EFEF844241DF48700DD6EFF /* Debug */,
				5EFEF845241DF48700DD6EFF /* Release */,
			);
			defaultConfigurationIsVisible = 0;
			defaultConfigurationName = Release;
		};
		5EFEF846241DF48700DD6EFF /* Build configuration list for PBXNativeTarget "StackViewDemo" */ = {
			isa = XCConfigurationList;
			buildConfigurations = (
				5EFEF847241DF48700DD6EFF /* Debug */,
				5EFEF848241DF48700DD6EFF /* Release */,
			);
			defaultConfigurationIsVisible = 0;
			defaultConfigurationName = Release;
		};
/* End XCConfigurationList section */
	};
	rootObject = 5EFEF82A241DF48500DD6EFF /* Project object */;
}
